
Microsoft Visual Studio Solution File, Format Version 12.00
# Visual Studio Version 17
VisualStudioVersion = 17.4.33213.308
MinimumVisualStudioVersion = 10.0.40219.1
Project("{FAE04EC0-301F-11D3-BF4B-00C04F79EFBC}") = "lenguaje 3 parcial 1 tarea 1", "lenguaje 3 parcial 1 tarea 1\lenguaje 3 parcial 1 tarea 1.csproj", "{F18DCEEF-68BA-4099-A034-8FCECCEE8871}"
EndProject
Global
	GlobalSection(SolutionConfigurationPlatforms) = preSolution
		Debug|Any CPU = Debug|Any CPU
		Release|Any CPU = Release|Any CPU
	EndGlobalSection
	GlobalSection(ProjectConfigurationPlatforms) = postSolution
		{F18DCEEF-68BA-4099-A034-8FCECCEE8871}.Debug|Any CPU.ActiveCfg = Debug|Any CPU
		{F18DCEEF-68BA-4099-A034-8FCECCEE8871}.Debug|Any CPU.Build.0 = Debug|Any CPU
		{F18DCEEF-68BA-4099-A034-8FCECCEE8871}.Release|Any CPU.ActiveCfg = Release|Any CPU
		{F18DCEEF-68BA-4099-A034-8FCECCEE8871}.Release|Any CPU.Build.0 = Release|Any CPU
	EndGlobalSection
	GlobalSection(SolutionProperties) = preSolution
		HideSolutionNode = FALSE
	EndGlobalSection
	GlobalSection(ExtensibilityGlobals) = postSolution
		SolutionGuid = {35D229F7-A43C-4DAA-8760-CAD1BBDAD8F6}
	EndGlobalSection
EndGlobal
